{
  "nodes": {
    "centerpad-nvim": {
      "flake": false,
      "locked": {
        "lastModified": 1620975636,
        "narHash": "sha256-clHJFfU7F95WYpGVGr3iQEN+00lnS9YxIpLOoH56e68=",
        "owner": "smithbm2316",
        "repo": "centerpad.nvim",
        "rev": "666641d02fd8c58ac401c1fb6bf596bb00b815fb",
        "type": "github"
      },
      "original": {
        "owner": "smithbm2316",
        "repo": "centerpad.nvim",
        "type": "github"
      }
    },
    "darwin": {
      "inputs": {
        "nixpkgs": [
          "nixpkgs"
        ]
      },
      "locked": {
        "lastModified": 1694497842,
        "narHash": "sha256-z03v/m0OwcLBok97KcUgMl8ZFw5Xwsi2z+n6nL7JdXY=",
        "owner": "lnl7",
        "repo": "nix-darwin",
        "rev": "4496ab26628c5f43d2a5c577a06683c753e32fe2",
        "type": "github"
      },
      "original": {
        "owner": "lnl7",
        "repo": "nix-darwin",
        "type": "github"
      }
    },
    "devshell": {
      "inputs": {
        "nixpkgs": "nixpkgs",
        "systems": "systems"
      },
      "locked": {
        "lastModified": 1694435990,
        "narHash": "sha256-yLQPD2eZGepu3yvdwABXrR3GhAqWRWTj9rn3a4knYuk=",
        "owner": "numtide",
        "repo": "devshell",
        "rev": "f6aec2e8b1cdddcab10ce7fc2eac66886e3deaad",
        "type": "github"
      },
      "original": {
        "owner": "numtide",
        "repo": "devshell",
        "type": "github"
      }
    },
    "flake-compat": {
      "flake": false,
      "locked": {
        "lastModified": 1673956053,
        "narHash": "sha256-4gtG9iQuiKITOjNQQeQIpoIB6b16fm+504Ch3sNKLd8=",
        "owner": "edolstra",
        "repo": "flake-compat",
        "rev": "35bb57c0c8d8b62bbfd284272c928ceb64ddbde9",
        "type": "github"
      },
      "original": {
        "owner": "edolstra",
        "repo": "flake-compat",
        "type": "github"
      }
    },
    "flake-utils": {
      "inputs": {
        "systems": "systems_2"
      },
      "locked": {
        "lastModified": 1694529238,
        "narHash": "sha256-zsNZZGTGnMOf9YpHKJqMSsa0dXbfmxeoJ7xHlrt+xmY=",
        "owner": "numtide",
        "repo": "flake-utils",
        "rev": "ff7b65b44d01cf9ba6a71320833626af21126384",
        "type": "github"
      },
      "original": {
        "owner": "numtide",
        "repo": "flake-utils",
        "type": "github"
      }
    },
    "flake-utils_2": {
      "inputs": {
        "systems": "systems_3"
      },
      "locked": {
        "lastModified": 1681202837,
        "narHash": "sha256-H+Rh19JDwRtpVPAWp64F+rlEtxUWBAQW28eAi3SRSzg=",
        "owner": "numtide",
        "repo": "flake-utils",
        "rev": "cfacdce06f30d2b68473a46042957675eebb3401",
        "type": "github"
      },
      "original": {
        "owner": "numtide",
        "repo": "flake-utils",
        "type": "github"
      }
    },
    "home-manager": {
      "inputs": {
        "nixpkgs": [
          "nixpkgs"
        ]
      },
      "locked": {
        "lastModified": 1694643239,
        "narHash": "sha256-pv2k/5FvyirDE8g4TNehzwZ0T4UOMMmqWSQnM/luRtE=",
        "owner": "nix-community",
        "repo": "home-manager",
        "rev": "d9b88b43524db1591fb3d9410a21428198d75d49",
        "type": "github"
      },
      "original": {
        "owner": "nix-community",
        "repo": "home-manager",
        "type": "github"
      }
    },
    "lunarvim": {
      "flake": false,
      "locked": {
        "lastModified": 1693652291,
        "narHash": "sha256-4j17K7TCa9JF52T8s+iK6ftcuv00H2GtPlXEDNXgVWE=",
        "owner": "LunarVim",
        "repo": "LunarVim",
        "rev": "15dc5292922b8b6009db645225bfee1f26796a68",
        "type": "github"
      },
      "original": {
        "owner": "LunarVim",
        "repo": "LunarVim",
        "type": "github"
      }
    },
    "nixos-unstable": {
      "locked": {
        "lastModified": 1694669921,
        "narHash": "sha256-6ESpJ6FsftHV96JO/zn6je07tyV2dlLR7SdLsmkegTY=",
        "owner": "nixos",
        "repo": "nixpkgs",
        "rev": "f2ea252d23ebc9a5336bf6a61e0644921f64e67c",
        "type": "github"
      },
      "original": {
        "owner": "nixos",
        "ref": "nixos-unstable",
        "repo": "nixpkgs",
        "type": "github"
      }
    },
    "nixpkgs": {
      "locked": {
        "lastModified": 1677383253,
        "narHash": "sha256-UfpzWfSxkfXHnb4boXZNaKsAcUrZT9Hw+tao1oZxd08=",
        "owner": "NixOS",
        "repo": "nixpkgs",
        "rev": "9952d6bc395f5841262b006fbace8dd7e143b634",
        "type": "github"
      },
      "original": {
        "owner": "NixOS",
        "ref": "nixpkgs-unstable",
        "repo": "nixpkgs",
        "type": "github"
      }
    },
    "nixpkgs-firefox-darwin": {
      "inputs": {
        "nixpkgs": "nixpkgs_3"
      },
      "locked": {
        "lastModified": 1694651982,
        "narHash": "sha256-oI8jrtIvLll+ADzm+qQqy58ybFeA1J1GlNgL3Q5hvGs=",
        "owner": "bandithedoge",
        "repo": "nixpkgs-firefox-darwin",
        "rev": "a376e3619b40947054e2c5e93fbcc00aa9e24477",
        "type": "github"
      },
      "original": {
        "owner": "bandithedoge",
        "repo": "nixpkgs-firefox-darwin",
        "type": "github"
      }
    },
    "nixpkgs_2": {
      "locked": {
        "lastModified": 1694593561,
        "narHash": "sha256-WSaIQZ5s9N9bDFkEMTw6P9eaZ9bv39ZhsiW12GtTNM0=",
        "owner": "nixos",
        "repo": "nixpkgs",
        "rev": "1697b7d480449b01111e352021f46e5879e47643",
        "type": "github"
      },
      "original": {
        "owner": "nixos",
        "ref": "nixpkgs-unstable",
        "repo": "nixpkgs",
        "type": "github"
      }
    },
    "nixpkgs_3": {
      "locked": {
        "lastModified": 1639237670,
        "narHash": "sha256-RTdL4rEQcgaZGpvtDgkp3oK/V+1LM3I53n0ACPSroAQ=",
        "owner": "NixOS",
        "repo": "nixpkgs",
        "rev": "edfb969386ebe6c3cf8f878775a7975cd88f926d",
        "type": "github"
      },
      "original": {
        "owner": "NixOS",
        "ref": "master",
        "repo": "nixpkgs",
        "type": "github"
      }
    },
    "nixpkgs_4": {
      "locked": {
        "lastModified": 1682134069,
        "narHash": "sha256-TnI/ZXSmRxQDt2sjRYK/8j8iha4B4zP2cnQCZZ3vp7k=",
        "owner": "NixOS",
        "repo": "nixpkgs",
        "rev": "fd901ef4bf93499374c5af385b2943f5801c0833",
        "type": "github"
      },
      "original": {
        "id": "nixpkgs",
        "type": "indirect"
      }
    },
    "nvchad": {
      "flake": false,
      "locked": {
        "lastModified": 1694423865,
        "narHash": "sha256-PAN7bVyFWMT8jgbogZoEbVc/FaYZA833jGSt6kn9AGg=",
        "owner": "NvChad",
        "repo": "NvChad",
        "rev": "215aa2bb2ff702014132c629d9c995246234fe0e",
        "type": "github"
      },
      "original": {
        "owner": "NvChad",
        "repo": "NvChad",
        "type": "github"
      }
    },
    "root": {
      "inputs": {
        "centerpad-nvim": "centerpad-nvim",
        "darwin": "darwin",
        "devshell": "devshell",
        "flake-compat": "flake-compat",
        "flake-utils": "flake-utils",
        "home-manager": "home-manager",
        "lunarvim": "lunarvim",
        "nixos-unstable": "nixos-unstable",
        "nixpkgs": "nixpkgs_2",
        "nixpkgs-firefox-darwin": "nixpkgs-firefox-darwin",
        "nvchad": "nvchad",
        "stable": "stable",
        "vscode-server": "vscode-server"
      }
    },
    "stable": {
      "locked": {
        "lastModified": 1694499547,
        "narHash": "sha256-R7xMz1Iia6JthWRHDn36s/E248WB1/je62ovC/dUVKI=",
        "owner": "nixos",
        "repo": "nixpkgs",
        "rev": "e5f018cf150e29aac26c61dac0790ea023c46b24",
        "type": "github"
      },
      "original": {
        "owner": "nixos",
        "ref": "nixos-23.05",
        "repo": "nixpkgs",
        "type": "github"
      }
    },
    "systems": {
      "locked": {
        "lastModified": 1681028828,
        "narHash": "sha256-Vy1rq5AaRuLzOxct8nz4T6wlgyUR7zLU309k9mBC768=",
        "owner": "nix-systems",
        "repo": "default",
        "rev": "da67096a3b9bf56a91d16901293e51ba5b49a27e",
        "type": "github"
      },
      "original": {
        "owner": "nix-systems",
        "repo": "default",
        "type": "github"
      }
    },
    "systems_2": {
      "locked": {
        "lastModified": 1681028828,
        "narHash": "sha256-Vy1rq5AaRuLzOxct8nz4T6wlgyUR7zLU309k9mBC768=",
        "owner": "nix-systems",
        "repo": "default",
        "rev": "da67096a3b9bf56a91d16901293e51ba5b49a27e",
        "type": "github"
      },
      "original": {
        "owner": "nix-systems",
        "repo": "default",
        "type": "github"
      }
    },
    "systems_3": {
      "locked": {
        "lastModified": 1681028828,
        "narHash": "sha256-Vy1rq5AaRuLzOxct8nz4T6wlgyUR7zLU309k9mBC768=",
        "owner": "nix-systems",
        "repo": "default",
        "rev": "da67096a3b9bf56a91d16901293e51ba5b49a27e",
        "type": "github"
      },
      "original": {
        "owner": "nix-systems",
        "repo": "default",
        "type": "github"
      }
    },
    "vscode-server": {
      "inputs": {
        "flake-utils": "flake-utils_2",
        "nixpkgs": "nixpkgs_4"
      },
      "locked": {
        "lastModified": 1684517665,
        "narHash": "sha256-SaAr66uCQ8CF75jIr23FZjk1+9Kfwm5sQnwV25206Gs=",
        "owner": "msteen",
        "repo": "nixos-vscode-server",
        "rev": "1e1358493df6529d4c7bc4cc3066f76fd16d4ae6",
        "type": "github"
      },
      "original": {
        "owner": "msteen",
        "repo": "nixos-vscode-server",
        "type": "github"
      }
    }
  },
  "root": "root",
  "version": 7
}
